
Microsoft Visual Studio Solution File, Format Version 12.00
# Visual Studio 15
VisualStudioVersion = 15.0.27703.2035
MinimumVisualStudioVersion = 10.0.40219.1
Project("{FAE04EC0-301F-11D3-BF4B-00C04F79EFBC}") = "OrderNumberGenerator", "OrderNumberGenerator\OrderNumberGenerator.csproj", "{8B49A6A1-90EE-49C5-8816-D25D025CE8BF}"
EndProject
Global
	GlobalSection(SolutionConfigurationPlatforms) = preSolution
		Debug|Any CPU = Debug|Any CPU
		Release|Any CPU = Release|Any CPU
	EndGlobalSection
	GlobalSection(ProjectConfigurationPlatforms) = postSolution
		{8B49A6A1-90EE-49C5-8816-D25D025CE8BF}.Debug|Any CPU.ActiveCfg = Debug|Any CPU
		{8B49A6A1-90EE-49C5-8816-D25D025CE8BF}.Debug|Any CPU.Build.0 = Debug|Any CPU
		{8B49A6A1-90EE-49C5-8816-D25D025CE8BF}.Release|Any CPU.ActiveCfg = Release|Any CPU
		{8B49A6A1-90EE-49C5-8816-D25D025CE8BF}.Release|Any CPU.Build.0 = Release|Any CPU
	EndGlobalSection
	GlobalSection(SolutionProperties) = preSolution
		HideSolutionNode = FALSE
	EndGlobalSection
	GlobalSection(ExtensibilityGlobals) = postSolution
		SolutionGuid = {23D8C546-57CF-4C85-B04F-7D83C5B28A2C}
	EndGlobalSection
EndGlobal
